
Microsoft Visual Studio Solution File, Format Version 12.00
# Visual Studio 15
VisualStudioVersion = 15.0.26124.0
MinimumVisualStudioVersion = 15.0.26124.0
Project("{FAE04EC0-301F-11D3-BF4B-00C04F79EFBC}") = "Cribbage", "Cribbage\Cribbage.csproj", "{02493176-104C-41F2-A812-668DF298DAA0}"
EndProject
Project("{FAE04EC0-301F-11D3-BF4B-00C04F79EFBC}") = "Cribbage.Tests", "Cribbage.Tests\Cribbage.Tests.csproj", "{0FBBBC0D-DEB5-44CB-AE0C-E08ED8C27B6B}"
EndProject
Global
	GlobalSection(SolutionConfigurationPlatforms) = preSolution
		Debug|Any CPU = Debug|Any CPU
		Debug|x64 = Debug|x64
		Debug|x86 = Debug|x86
		Release|Any CPU = Release|Any CPU
		Release|x64 = Release|x64
		Release|x86 = Release|x86
	EndGlobalSection
	GlobalSection(SolutionProperties) = preSolution
		HideSolutionNode = FALSE
	EndGlobalSection
	GlobalSection(ProjectConfigurationPlatforms) = postSolution
		{02493176-104C-41F2-A812-668DF298DAA0}.Debug|Any CPU.ActiveCfg = Debug|Any CPU
		{02493176-104C-41F2-A812-668DF298DAA0}.Debug|Any CPU.Build.0 = Debug|Any CPU
		{02493176-104C-41F2-A812-668DF298DAA0}.Debug|x64.ActiveCfg = Debug|x64
		{02493176-104C-41F2-A812-668DF298DAA0}.Debug|x64.Build.0 = Debug|x64
		{02493176-104C-41F2-A812-668DF298DAA0}.Debug|x86.ActiveCfg = Debug|x86
		{02493176-104C-41F2-A812-668DF298DAA0}.Debug|x86.Build.0 = Debug|x86
		{02493176-104C-41F2-A812-668DF298DAA0}.Release|Any CPU.ActiveCfg = Release|Any CPU
		{02493176-104C-41F2-A812-668DF298DAA0}.Release|Any CPU.Build.0 = Release|Any CPU
		{02493176-104C-41F2-A812-668DF298DAA0}.Release|x64.ActiveCfg = Release|x64
		{02493176-104C-41F2-A812-668DF298DAA0}.Release|x64.Build.0 = Release|x64
		{02493176-104C-41F2-A812-668DF298DAA0}.Release|x86.ActiveCfg = Release|x86
		{02493176-104C-41F2-A812-668DF298DAA0}.Release|x86.Build.0 = Release|x86
		{0FBBBC0D-DEB5-44CB-AE0C-E08ED8C27B6B}.Debug|Any CPU.ActiveCfg = Debug|Any CPU
		{0FBBBC0D-DEB5-44CB-AE0C-E08ED8C27B6B}.Debug|Any CPU.Build.0 = Debug|Any CPU
		{0FBBBC0D-DEB5-44CB-AE0C-E08ED8C27B6B}.Debug|x64.ActiveCfg = Debug|x64
		{0FBBBC0D-DEB5-44CB-AE0C-E08ED8C27B6B}.Debug|x64.Build.0 = Debug|x64
		{0FBBBC0D-DEB5-44CB-AE0C-E08ED8C27B6B}.Debug|x86.ActiveCfg = Debug|x86
		{0FBBBC0D-DEB5-44CB-AE0C-E08ED8C27B6B}.Debug|x86.Build.0 = Debug|x86
		{0FBBBC0D-DEB5-44CB-AE0C-E08ED8C27B6B}.Release|Any CPU.ActiveCfg = Release|Any CPU
		{0FBBBC0D-DEB5-44CB-AE0C-E08ED8C27B6B}.Release|Any CPU.Build.0 = Release|Any CPU
		{0FBBBC0D-DEB5-44CB-AE0C-E08ED8C27B6B}.Release|x64.ActiveCfg = Release|x64
		{0FBBBC0D-DEB5-44CB-AE0C-E08ED8C27B6B}.Release|x64.Build.0 = Release|x64
		{0FBBBC0D-DEB5-44CB-AE0C-E08ED8C27B6B}.Release|x86.ActiveCfg = Release|x86
		{0FBBBC0D-DEB5-44CB-AE0C-E08ED8C27B6B}.Release|x86.Build.0 = Release|x86
	EndGlobalSection
EndGlobal
